Microsoft Visual Studio Solution File, Format Version 10.00
# Visual Studio 2008
Project("{8BC9CEB8-8B4A-11D0-8D11-00A0C91BC942}") = "curlsrc", "src\curlsrc.vcproj", "{01F90008-9A5F-42AD-9ADB-1E2EADE41CFD}"
	ProjectSection(ProjectDependencies) = postProject
		{F6829817-CDBC-4BBE-B629-3BD21F4A797D} = {F6829817-CDBC-4BBE-B629-3BD21F4A797D}
		{D2A464CD-AF25-4EC5-AA38-384766A7D817} = {D2A464CD-AF25-4EC5-AA38-384766A7D817}
	EndProjectSection
EndProject
Project("{8BC9CEB8-8B4A-11D0-8D11-00A0C91BC942}") = "libcurl", "lib\libcurl.vcproj", "{F6829817-CDBC-4BBE-B629-3BD21F4A797D}"
EndProject
Project("{8BC9CEB8-8B4A-11D0-8D11-00A0C91BC942}") = "zlib", "..\zlib-1.2.3\projects\vs2008\zlibstatic.vcproj", "{D2A464CD-AF25-4EC5-AA38-384766A7D817}"
EndProject
Global
	GlobalSection(SolutionConfigurationPlatforms) = preSolution
		Debug|Win32 = Debug|Win32
		Release|Win32 = Release|Win32
	EndGlobalSection
	GlobalSection(ProjectConfigurationPlatforms) = postSolution
		{01F90008-9A5F-42AD-9ADB-1E2EADE41CFD}.Debug|Win32.ActiveCfg = Debug|Win32
		{01F90008-9A5F-42AD-9ADB-1E2EADE41CFD}.Debug|Win32.Build.0 = Debug|Win32
		{01F90008-9A5F-42AD-9ADB-1E2EADE41CFD}.Release|Win32.ActiveCfg = Release|Win32
		{01F90008-9A5F-42AD-9ADB-1E2EADE41CFD}.Release|Win32.Build.0 = Release|Win32
		{F6829817-CDBC-4BBE-B629-3BD21F4A797D}.Debug|Win32.ActiveCfg = Debug|Win32
		{F6829817-CDBC-4BBE-B629-3BD21F4A797D}.Debug|Win32.Build.0 = Debug|Win32
		{F6829817-CDBC-4BBE-B629-3BD21F4A797D}.Release|Win32.ActiveCfg = Release|Win32
		{F6829817-CDBC-4BBE-B629-3BD21F4A797D}.Release|Win32.Build.0 = Release|Win32
		{D2A464CD-AF25-4EC5-AA38-384766A7D817}.Debug|Win32.ActiveCfg = Debug|Win32
		{D2A464CD-AF25-4EC5-AA38-384766A7D817}.Debug|Win32.Build.0 = Debug|Win32
		{D2A464CD-AF25-4EC5-AA38-384766A7D817}.Release|Win32.ActiveCfg = Release|Win32
		{D2A464CD-AF25-4EC5-AA38-384766A7D817}.Release|Win32.Build.0 = Release|Win32
	EndGlobalSection
	GlobalSection(SolutionProperties) = preSolution
		HideSolutionNode = FALSE
	EndGlobalSection
EndGlobal
